
Microsoft Visual Studio Solution File, Format Version 12.00
# Visual Studio Version 17
VisualStudioVersion = 17.8.34322.80
MinimumVisualStudioVersion = 10.0.40219.1
Project("{FAE04EC0-301F-11D3-BF4B-00C04F79EFBC}") = "MathRecognitionServiceIdentity", "MathRecognitionServiceIdentity\MathRecognitionServiceIdentity\MathRecognitionServiceIdentity.csproj", "{EDB7A3F0-1164-438F-A1ED-C874115ABE65}"
EndProject
Project("{FAE04EC0-301F-11D3-BF4B-00C04F79EFBC}") = "MathRecognitionServiceIdentity.Client", "MathRecognitionServiceIdentity\MathRecognitionServiceIdentity.Client\MathRecognitionServiceIdentity.Client.csproj", "{FD93C85C-8E98-47CC-B6D2-3D3A8D7DC68A}"
EndProject
Global
	GlobalSection(SolutionConfigurationPlatforms) = preSolution
		Debug|Any CPU = Debug|Any CPU
		Release|Any CPU = Release|Any CPU
	EndGlobalSection
	GlobalSection(ProjectConfigurationPlatforms) = postSolution
		{EDB7A3F0-1164-438F-A1ED-C874115ABE65}.Debug|Any CPU.ActiveCfg = Debug|Any CPU
		{EDB7A3F0-1164-438F-A1ED-C874115ABE65}.Debug|Any CPU.Build.0 = Debug|Any CPU
		{EDB7A3F0-1164-438F-A1ED-C874115ABE65}.Release|Any CPU.ActiveCfg = Release|Any CPU
		{EDB7A3F0-1164-438F-A1ED-C874115ABE65}.Release|Any CPU.Build.0 = Release|Any CPU
		{FD93C85C-8E98-47CC-B6D2-3D3A8D7DC68A}.Debug|Any CPU.ActiveCfg = Debug|Any CPU
		{FD93C85C-8E98-47CC-B6D2-3D3A8D7DC68A}.Debug|Any CPU.Build.0 = Debug|Any CPU
		{FD93C85C-8E98-47CC-B6D2-3D3A8D7DC68A}.Release|Any CPU.ActiveCfg = Release|Any CPU
		{FD93C85C-8E98-47CC-B6D2-3D3A8D7DC68A}.Release|Any CPU.Build.0 = Release|Any CPU
	EndGlobalSection
	GlobalSection(SolutionProperties) = preSolution
		HideSolutionNode = FALSE
	EndGlobalSection
	GlobalSection(ExtensibilityGlobals) = postSolution
		SolutionGuid = {6E0C849E-DCBF-4C79-89D5-7815C1F62582}
	EndGlobalSection
EndGlobal
